{
  "requires": true,
  "lockfileVersion": 1,
  "dependencies": {
    "smart-css-grid": {
      "version": "1.0.0",
      "resolved": "https://registry.npmjs.org/smart-css-grid/-/smart-css-grid-1.0.0.tgz",
      "integrity": "sha512-M+nfnj6lGFLUpVF4+Wv83gAYMSLyZlErdqVAbAmYefmvRUSAqMnZQckoWUoedLJZBf79EygJTOuoocT0ItO6ag=="
    }
  }
}
